
Microsoft Visual Studio Solution File, Format Version 12.00
# Visual Studio 15
VisualStudioVersion = 15.0.28307.421
MinimumVisualStudioVersion = 10.0.40219.1
Project("{FAE04EC0-301F-11D3-BF4B-00C04F79EFBC}") = "MobileAPI", "..\..\XlettlerMobileAPI\MobileAPI\MobileAPI.csproj", "{C970DB78-892B-47A4-8F0A-FAC648DDBC11}"
EndProject
Project("{FAE04EC0-301F-11D3-BF4B-00C04F79EFBC}") = "LogTool", "..\..\Tools\LogTool\LogTool.csproj", "{E837A985-CD29-4724-B907-97570DFC0EBA}"
EndProject
Project("{FAE04EC0-301F-11D3-BF4B-00C04F79EFBC}") = "ServicesInterface", "..\..\XlettlerInterFace\ServicesInterface\ServicesInterface.csproj", "{523CBFAA-B538-4B34-AE25-8E256DFB2439}"
EndProject
Project("{FAE04EC0-301F-11D3-BF4B-00C04F79EFBC}") = "XlettlerRealization", "..\..\XlettlerRealization\XlettlerRealization\XlettlerRealization.csproj", "{8A2DFD9D-7533-4259-A7DF-2D18CD2ED7F7}"
EndProject
Project("{FAE04EC0-301F-11D3-BF4B-00C04F79EFBC}") = "WCFTest", "..\..\Test\WCFTest\WCFTest.csproj", "{12431E99-A342-414C-B36E-E624E7CC3ABD}"
EndProject
Project("{FAE04EC0-301F-11D3-BF4B-00C04F79EFBC}") = "Tools", "..\..\Tools\Tools\Tools.csproj", "{C6F1BF87-A866-47B2-8BA7-DD5DD43820F4}"
EndProject
Project("{FAE04EC0-301F-11D3-BF4B-00C04F79EFBC}") = "PublicDefined", "..\..\Tools\PublicDefined\PublicDefined.csproj", "{C54CE5BB-6B8F-472F-BE7F-0E94214CC904}"
EndProject
Project("{FAE04EC0-301F-11D3-BF4B-00C04F79EFBC}") = "Model", "..\..\Model\Model\Model.csproj", "{B088D9A8-712E-437B-A8A8-426081BCAADA}"
EndProject
Project("{FAE04EC0-301F-11D3-BF4B-00C04F79EFBC}") = "RuleUtility", "..\..\Tools\RuleUtility\RuleUtility.csproj", "{10702011-CC37-41CA-8C67-287B7D919D94}"
EndProject
Project("{FAE04EC0-301F-11D3-BF4B-00C04F79EFBC}") = "AdmainManger", "..\..\AdmainManger\AdmainManger.csproj", "{ADAC69B0-ABCB-4E66-A31C-CF5A1AF6E457}"
EndProject
Global
	GlobalSection(SolutionConfigurationPlatforms) = preSolution
		Debug|Any CPU = Debug|Any CPU
		Release|Any CPU = Release|Any CPU
	EndGlobalSection
	GlobalSection(ProjectConfigurationPlatforms) = postSolution
		{C970DB78-892B-47A4-8F0A-FAC648DDBC11}.Debug|Any CPU.ActiveCfg = Debug|Any CPU
		{C970DB78-892B-47A4-8F0A-FAC648DDBC11}.Debug|Any CPU.Build.0 = Debug|Any CPU
		{C970DB78-892B-47A4-8F0A-FAC648DDBC11}.Release|Any CPU.ActiveCfg = Release|Any CPU
		{C970DB78-892B-47A4-8F0A-FAC648DDBC11}.Release|Any CPU.Build.0 = Release|Any CPU
		{E837A985-CD29-4724-B907-97570DFC0EBA}.Debug|Any CPU.ActiveCfg = Debug|Any CPU
		{E837A985-CD29-4724-B907-97570DFC0EBA}.Debug|Any CPU.Build.0 = Debug|Any CPU
		{E837A985-CD29-4724-B907-97570DFC0EBA}.Release|Any CPU.ActiveCfg = Release|Any CPU
		{E837A985-CD29-4724-B907-97570DFC0EBA}.Release|Any CPU.Build.0 = Release|Any CPU
		{523CBFAA-B538-4B34-AE25-8E256DFB2439}.Debug|Any CPU.ActiveCfg = Debug|Any CPU
		{523CBFAA-B538-4B34-AE25-8E256DFB2439}.Debug|Any CPU.Build.0 = Debug|Any CPU
		{523CBFAA-B538-4B34-AE25-8E256DFB2439}.Release|Any CPU.ActiveCfg = Release|Any CPU
		{523CBFAA-B538-4B34-AE25-8E256DFB2439}.Release|Any CPU.Build.0 = Release|Any CPU
		{8A2DFD9D-7533-4259-A7DF-2D18CD2ED7F7}.Debug|Any CPU.ActiveCfg = Debug|Any CPU
		{8A2DFD9D-7533-4259-A7DF-2D18CD2ED7F7}.Debug|Any CPU.Build.0 = Debug|Any CPU
		{8A2DFD9D-7533-4259-A7DF-2D18CD2ED7F7}.Release|Any CPU.ActiveCfg = Release|Any CPU
		{8A2DFD9D-7533-4259-A7DF-2D18CD2ED7F7}.Release|Any CPU.Build.0 = Release|Any CPU
		{12431E99-A342-414C-B36E-E624E7CC3ABD}.Debug|Any CPU.ActiveCfg = Debug|Any CPU
		{12431E99-A342-414C-B36E-E624E7CC3ABD}.Debug|Any CPU.Build.0 = Debug|Any CPU
		{12431E99-A342-414C-B36E-E624E7CC3ABD}.Release|Any CPU.ActiveCfg = Release|Any CPU
		{12431E99-A342-414C-B36E-E624E7CC3ABD}.Release|Any CPU.Build.0 = Release|Any CPU
		{C6F1BF87-A866-47B2-8BA7-DD5DD43820F4}.Debug|Any CPU.ActiveCfg = Debug|Any CPU
		{C6F1BF87-A866-47B2-8BA7-DD5DD43820F4}.Debug|Any CPU.Build.0 = Debug|Any CPU
		{C6F1BF87-A866-47B2-8BA7-DD5DD43820F4}.Release|Any CPU.ActiveCfg = Release|Any CPU
		{C6F1BF87-A866-47B2-8BA7-DD5DD43820F4}.Release|Any CPU.Build.0 = Release|Any CPU
		{C54CE5BB-6B8F-472F-BE7F-0E94214CC904}.Debug|Any CPU.ActiveCfg = Debug|Any CPU
		{C54CE5BB-6B8F-472F-BE7F-0E94214CC904}.Debug|Any CPU.Build.0 = Debug|Any CPU
		{C54CE5BB-6B8F-472F-BE7F-0E94214CC904}.Release|Any CPU.ActiveCfg = Release|Any CPU
		{C54CE5BB-6B8F-472F-BE7F-0E94214CC904}.Release|Any CPU.Build.0 = Release|Any CPU
		{B088D9A8-712E-437B-A8A8-426081BCAADA}.Debug|Any CPU.ActiveCfg = Debug|Any CPU
		{B088D9A8-712E-437B-A8A8-426081BCAADA}.Debug|Any CPU.Build.0 = Debug|Any CPU
		{B088D9A8-712E-437B-A8A8-426081BCAADA}.Release|Any CPU.ActiveCfg = Release|Any CPU
		{B088D9A8-712E-437B-A8A8-426081BCAADA}.Release|Any CPU.Build.0 = Release|Any CPU
		{10702011-CC37-41CA-8C67-287B7D919D94}.Debug|Any CPU.ActiveCfg = Debug|Any CPU
		{10702011-CC37-41CA-8C67-287B7D919D94}.Debug|Any CPU.Build.0 = Debug|Any CPU
		{10702011-CC37-41CA-8C67-287B7D919D94}.Release|Any CPU.ActiveCfg = Release|Any CPU
		{10702011-CC37-41CA-8C67-287B7D919D94}.Release|Any CPU.Build.0 = Release|Any CPU
		{ADAC69B0-ABCB-4E66-A31C-CF5A1AF6E457}.Debug|Any CPU.ActiveCfg = Debug|Any CPU
		{ADAC69B0-ABCB-4E66-A31C-CF5A1AF6E457}.Debug|Any CPU.Build.0 = Debug|Any CPU
		{ADAC69B0-ABCB-4E66-A31C-CF5A1AF6E457}.Release|Any CPU.ActiveCfg = Release|Any CPU
		{ADAC69B0-ABCB-4E66-A31C-CF5A1AF6E457}.Release|Any CPU.Build.0 = Release|Any CPU
	EndGlobalSection
	GlobalSection(SolutionProperties) = preSolution
		HideSolutionNode = FALSE
	EndGlobalSection
	GlobalSection(ExtensibilityGlobals) = postSolution
		SolutionGuid = {8467353C-8585-4507-97A9-F6DECD249D55}
	EndGlobalSection
EndGlobal
